
Microsoft Visual Studio Solution File, Format Version 12.00
# Visual Studio 2013
VisualStudioVersion = 12.0.30723.0
MinimumVisualStudioVersion = 10.0.40219.1
Project("{FAE04EC0-301F-11D3-BF4B-00C04F79EFBC}") = "TestAnglr", "TestAnglr\TestAnglr.csproj", "{44A05DE0-85C7-484B-93C8-525F2302E875}"
EndProject
Project("{FAE04EC0-301F-11D3-BF4B-00C04F79EFBC}") = "Lib", "Lib\Lib.csproj", "{D9D0954C-FAE7-468D-9A87-48C77EFA3678}"
EndProject
Global
	GlobalSection(SolutionConfigurationPlatforms) = preSolution
		Debug|Any CPU = Debug|Any CPU
		Release|Any CPU = Release|Any CPU
	EndGlobalSection
	GlobalSection(ProjectConfigurationPlatforms) = postSolution
		{44A05DE0-85C7-484B-93C8-525F2302E875}.Debug|Any CPU.ActiveCfg = Debug|Any CPU
		{44A05DE0-85C7-484B-93C8-525F2302E875}.Debug|Any CPU.Build.0 = Debug|Any CPU
		{44A05DE0-85C7-484B-93C8-525F2302E875}.Release|Any CPU.ActiveCfg = Release|Any CPU
		{44A05DE0-85C7-484B-93C8-525F2302E875}.Release|Any CPU.Build.0 = Release|Any CPU
		{D9D0954C-FAE7-468D-9A87-48C77EFA3678}.Debug|Any CPU.ActiveCfg = Debug|Any CPU
		{D9D0954C-FAE7-468D-9A87-48C77EFA3678}.Debug|Any CPU.Build.0 = Debug|Any CPU
		{D9D0954C-FAE7-468D-9A87-48C77EFA3678}.Release|Any CPU.ActiveCfg = Release|Any CPU
		{D9D0954C-FAE7-468D-9A87-48C77EFA3678}.Release|Any CPU.Build.0 = Release|Any CPU
	EndGlobalSection
	GlobalSection(SolutionProperties) = preSolution
		HideSolutionNode = FALSE
	EndGlobalSection
EndGlobal
